
Microsoft Visual Studio Solution File, Format Version 12.00
# Visual Studio Version 17
VisualStudioVersion = 17.2.32630.192
MinimumVisualStudioVersion = 10.0.40219.1
Project("{2150E333-8FDC-42A3-9474-1A3956D46DE8}") = "src", "src", "{AA8B7C4D-E5BF-4BE8-923B-DE50E14387B4}"
EndProject
Project("{2150E333-8FDC-42A3-9474-1A3956D46DE8}") = "Solution Items", "Solution Items", "{8D856F00-68EA-4E9F-B85D-3BC2FEDA3F2F}"
	ProjectSection(SolutionItems) = preProject
		.editorconfig = .editorconfig
	EndProjectSection
EndProject
Project("{FAE04EC0-301F-11D3-BF4B-00C04F79EFBC}") = "Dashboard", "src\Dashboard\Dashboard.csproj", "{A007A2F8-95BC-4993-88D1-93C81412F702}"
EndProject
Project("{2150E333-8FDC-42A3-9474-1A3956D46DE8}") = "test", "test", "{B6F3AF2F-2D4C-496C-ABB3-17BA6B62F822}"
EndProject
Project("{FAE04EC0-301F-11D3-BF4B-00C04F79EFBC}") = "Rmmz.Data.Tests", "test\Rmmz.Data.Tests\Rmmz.Data.Tests.csproj", "{2864381E-B110-4F3D-9B23-C47100DD41E5}"
EndProject
Project("{FAE04EC0-301F-11D3-BF4B-00C04F79EFBC}") = "Rmmz.Data", "src\Rmmz.Data\Rmmz.Data.csproj", "{329A2785-7B1E-40FC-A5A8-0E2A62F68B51}"
EndProject
Project("{FAE04EC0-301F-11D3-BF4B-00C04F79EFBC}") = "JABS.Data", "src\JABS.Data\JABS.Data.csproj", "{54A5186C-FFA6-4DD2-9ED1-98A1A20E1C46}"
EndProject
Project("{FAE04EC0-301F-11D3-BF4B-00C04F79EFBC}") = "JABS.Data.Tests", "test\JABS.Data.Tests\JABS.Data.Tests.csproj", "{407EB7BA-9398-4627-9A25-6F7FC3207422}"
EndProject
Project("{FAE04EC0-301F-11D3-BF4B-00C04F79EFBC}") = "Base.Tests", "test\Base.Tests\Base.Tests.csproj", "{17BA3A7A-3FB7-41B5-9981-41E25D2D47F1}"
EndProject
Project("{FAE04EC0-301F-11D3-BF4B-00C04F79EFBC}") = "Extend.Data", "src\Extend.Data\Extend.Data.csproj", "{9596B80E-51C0-4F64-AA92-D0E70E7F1348}"
EndProject
Project("{FAE04EC0-301F-11D3-BF4B-00C04F79EFBC}") = "Extend.Data.Tests", "test\Extend.Data.Tests\Extend.Data.Tests.csproj", "{0D02C857-21E9-4897-9B38-7923498356EA}"
EndProject
Project("{FAE04EC0-301F-11D3-BF4B-00C04F79EFBC}") = "Sdp.Data", "src\Sdp.Data\Sdp.Data.csproj", "{3813973E-B369-4354-A212-4EDAABBCBBA6}"
EndProject
Project("{FAE04EC0-301F-11D3-BF4B-00C04F79EFBC}") = "Crafting.Data", "src\Crafting.Data\Crafting.Data.csproj", "{12211B49-FABD-4AFE-8EE7-38251D283AC4}"
EndProject
Project("{FAE04EC0-301F-11D3-BF4B-00C04F79EFBC}") = "Json.Data", "src\Json.Data\Json.Data.csproj", "{4C326E80-3F03-4B6C-94C5-3D4A68C25B2A}"
EndProject
Project("{FAE04EC0-301F-11D3-BF4B-00C04F79EFBC}") = "Drops.Data", "src\Drops.Data\Drops.Data.csproj", "{4C88DCC7-016A-4655-9736-61EFA8BC493C}"
EndProject
Project("{FAE04EC0-301F-11D3-BF4B-00C04F79EFBC}") = "LevelMaster.Data", "src\LevelMaster.Data\LevelMaster.Data.csproj", "{FC58F55E-A329-40B8-B56A-7086BE125F32}"
EndProject
Project("{FAE04EC0-301F-11D3-BF4B-00C04F79EFBC}") = "Drops.Data.Tests", "test\Drops.Data.Tests\Drops.Data.Tests.csproj", "{DD44FC5E-457C-4883-8197-CE733A0A2ACE}"
EndProject
Project("{FAE04EC0-301F-11D3-BF4B-00C04F79EFBC}") = "Json.Data.Tests", "test\Json.Data.Tests\Json.Data.Tests.csproj", "{9F64F070-5268-4138-9D03-8BB102F09180}"
EndProject
Project("{FAE04EC0-301F-11D3-BF4B-00C04F79EFBC}") = "LevelMaster.Data.Tests", "test\LevelMaster.Data.Tests\LevelMaster.Data.Tests.csproj", "{B8AED95A-4194-4D4D-9B5C-1D8EBF92F7DA}"
EndProject
Project("{FAE04EC0-301F-11D3-BF4B-00C04F79EFBC}") = "Sdp.Data.Tests", "test\Sdp.Data.Tests\Sdp.Data.Tests.csproj", "{B52358A3-B926-4961-AB7E-5239B0960FF6}"
EndProject
Project("{FAE04EC0-301F-11D3-BF4B-00C04F79EFBC}") = "Difficulty.Data.Tests", "test\Difficulty.Data.Tests\Difficulty.Data.Tests.csproj", "{7BA6AD0C-594B-4F13-A7F5-1E90F506C802}"
EndProject
Project("{FAE04EC0-301F-11D3-BF4B-00C04F79EFBC}") = "Difficulty.Data", "src\Difficulty.Data\Difficulty.Data.csproj", "{BF718E89-E15E-42DF-865B-3B03FCC769ED}"
EndProject
Global
	GlobalSection(SolutionConfigurationPlatforms) = preSolution
		Debug|Any CPU = Debug|Any CPU
		Release|Any CPU = Release|Any CPU
	EndGlobalSection
	GlobalSection(ProjectConfigurationPlatforms) = postSolution
		{A007A2F8-95BC-4993-88D1-93C81412F702}.Debug|Any CPU.ActiveCfg = Debug|Any CPU
		{A007A2F8-95BC-4993-88D1-93C81412F702}.Debug|Any CPU.Build.0 = Debug|Any CPU
		{A007A2F8-95BC-4993-88D1-93C81412F702}.Release|Any CPU.ActiveCfg = Release|Any CPU
		{A007A2F8-95BC-4993-88D1-93C81412F702}.Release|Any CPU.Build.0 = Release|Any CPU
		{2864381E-B110-4F3D-9B23-C47100DD41E5}.Debug|Any CPU.ActiveCfg = Debug|Any CPU
		{2864381E-B110-4F3D-9B23-C47100DD41E5}.Debug|Any CPU.Build.0 = Debug|Any CPU
		{2864381E-B110-4F3D-9B23-C47100DD41E5}.Release|Any CPU.ActiveCfg = Release|Any CPU
		{2864381E-B110-4F3D-9B23-C47100DD41E5}.Release|Any CPU.Build.0 = Release|Any CPU
		{329A2785-7B1E-40FC-A5A8-0E2A62F68B51}.Debug|Any CPU.ActiveCfg = Debug|Any CPU
		{329A2785-7B1E-40FC-A5A8-0E2A62F68B51}.Debug|Any CPU.Build.0 = Debug|Any CPU
		{329A2785-7B1E-40FC-A5A8-0E2A62F68B51}.Release|Any CPU.ActiveCfg = Release|Any CPU
		{329A2785-7B1E-40FC-A5A8-0E2A62F68B51}.Release|Any CPU.Build.0 = Release|Any CPU
		{54A5186C-FFA6-4DD2-9ED1-98A1A20E1C46}.Debug|Any CPU.ActiveCfg = Debug|Any CPU
		{54A5186C-FFA6-4DD2-9ED1-98A1A20E1C46}.Debug|Any CPU.Build.0 = Debug|Any CPU
		{54A5186C-FFA6-4DD2-9ED1-98A1A20E1C46}.Release|Any CPU.ActiveCfg = Release|Any CPU
		{54A5186C-FFA6-4DD2-9ED1-98A1A20E1C46}.Release|Any CPU.Build.0 = Release|Any CPU
		{407EB7BA-9398-4627-9A25-6F7FC3207422}.Debug|Any CPU.ActiveCfg = Debug|Any CPU
		{407EB7BA-9398-4627-9A25-6F7FC3207422}.Debug|Any CPU.Build.0 = Debug|Any CPU
		{407EB7BA-9398-4627-9A25-6F7FC3207422}.Release|Any CPU.ActiveCfg = Release|Any CPU
		{407EB7BA-9398-4627-9A25-6F7FC3207422}.Release|Any CPU.Build.0 = Release|Any CPU
		{17BA3A7A-3FB7-41B5-9981-41E25D2D47F1}.Debug|Any CPU.ActiveCfg = Debug|Any CPU
		{17BA3A7A-3FB7-41B5-9981-41E25D2D47F1}.Debug|Any CPU.Build.0 = Debug|Any CPU
		{17BA3A7A-3FB7-41B5-9981-41E25D2D47F1}.Release|Any CPU.ActiveCfg = Release|Any CPU
		{17BA3A7A-3FB7-41B5-9981-41E25D2D47F1}.Release|Any CPU.Build.0 = Release|Any CPU
		{9596B80E-51C0-4F64-AA92-D0E70E7F1348}.Debug|Any CPU.ActiveCfg = Debug|Any CPU
		{9596B80E-51C0-4F64-AA92-D0E70E7F1348}.Debug|Any CPU.Build.0 = Debug|Any CPU
		{9596B80E-51C0-4F64-AA92-D0E70E7F1348}.Release|Any CPU.ActiveCfg = Release|Any CPU
		{9596B80E-51C0-4F64-AA92-D0E70E7F1348}.Release|Any CPU.Build.0 = Release|Any CPU
		{0D02C857-21E9-4897-9B38-7923498356EA}.Debug|Any CPU.ActiveCfg = Debug|Any CPU
		{0D02C857-21E9-4897-9B38-7923498356EA}.Debug|Any CPU.Build.0 = Debug|Any CPU
		{0D02C857-21E9-4897-9B38-7923498356EA}.Release|Any CPU.ActiveCfg = Release|Any CPU
		{0D02C857-21E9-4897-9B38-7923498356EA}.Release|Any CPU.Build.0 = Release|Any CPU
		{3813973E-B369-4354-A212-4EDAABBCBBA6}.Debug|Any CPU.ActiveCfg = Debug|Any CPU
		{3813973E-B369-4354-A212-4EDAABBCBBA6}.Debug|Any CPU.Build.0 = Debug|Any CPU
		{3813973E-B369-4354-A212-4EDAABBCBBA6}.Release|Any CPU.ActiveCfg = Release|Any CPU
		{3813973E-B369-4354-A212-4EDAABBCBBA6}.Release|Any CPU.Build.0 = Release|Any CPU
		{12211B49-FABD-4AFE-8EE7-38251D283AC4}.Debug|Any CPU.ActiveCfg = Debug|Any CPU
		{12211B49-FABD-4AFE-8EE7-38251D283AC4}.Debug|Any CPU.Build.0 = Debug|Any CPU
		{12211B49-FABD-4AFE-8EE7-38251D283AC4}.Release|Any CPU.ActiveCfg = Release|Any CPU
		{12211B49-FABD-4AFE-8EE7-38251D283AC4}.Release|Any CPU.Build.0 = Release|Any CPU
		{4C326E80-3F03-4B6C-94C5-3D4A68C25B2A}.Debug|Any CPU.ActiveCfg = Debug|Any CPU
		{4C326E80-3F03-4B6C-94C5-3D4A68C25B2A}.Debug|Any CPU.Build.0 = Debug|Any CPU
		{4C326E80-3F03-4B6C-94C5-3D4A68C25B2A}.Release|Any CPU.ActiveCfg = Release|Any CPU
		{4C326E80-3F03-4B6C-94C5-3D4A68C25B2A}.Release|Any CPU.Build.0 = Release|Any CPU
		{4C88DCC7-016A-4655-9736-61EFA8BC493C}.Debug|Any CPU.ActiveCfg = Debug|Any CPU
		{4C88DCC7-016A-4655-9736-61EFA8BC493C}.Debug|Any CPU.Build.0 = Debug|Any CPU
		{4C88DCC7-016A-4655-9736-61EFA8BC493C}.Release|Any CPU.ActiveCfg = Release|Any CPU
		{4C88DCC7-016A-4655-9736-61EFA8BC493C}.Release|Any CPU.Build.0 = Release|Any CPU
		{FC58F55E-A329-40B8-B56A-7086BE125F32}.Debug|Any CPU.ActiveCfg = Debug|Any CPU
		{FC58F55E-A329-40B8-B56A-7086BE125F32}.Debug|Any CPU.Build.0 = Debug|Any CPU
		{FC58F55E-A329-40B8-B56A-7086BE125F32}.Release|Any CPU.ActiveCfg = Release|Any CPU
		{FC58F55E-A329-40B8-B56A-7086BE125F32}.Release|Any CPU.Build.0 = Release|Any CPU
		{DD44FC5E-457C-4883-8197-CE733A0A2ACE}.Debug|Any CPU.ActiveCfg = Debug|Any CPU
		{DD44FC5E-457C-4883-8197-CE733A0A2ACE}.Debug|Any CPU.Build.0 = Debug|Any CPU
		{DD44FC5E-457C-4883-8197-CE733A0A2ACE}.Release|Any CPU.ActiveCfg = Release|Any CPU
		{DD44FC5E-457C-4883-8197-CE733A0A2ACE}.Release|Any CPU.Build.0 = Release|Any CPU
		{9F64F070-5268-4138-9D03-8BB102F09180}.Debug|Any CPU.ActiveCfg = Debug|Any CPU
		{9F64F070-5268-4138-9D03-8BB102F09180}.Debug|Any CPU.Build.0 = Debug|Any CPU
		{9F64F070-5268-4138-9D03-8BB102F09180}.Release|Any CPU.ActiveCfg = Release|Any CPU
		{9F64F070-5268-4138-9D03-8BB102F09180}.Release|Any CPU.Build.0 = Release|Any CPU
		{B8AED95A-4194-4D4D-9B5C-1D8EBF92F7DA}.Debug|Any CPU.ActiveCfg = Debug|Any CPU
		{B8AED95A-4194-4D4D-9B5C-1D8EBF92F7DA}.Debug|Any CPU.Build.0 = Debug|Any CPU
		{B8AED95A-4194-4D4D-9B5C-1D8EBF92F7DA}.Release|Any CPU.ActiveCfg = Release|Any CPU
		{B8AED95A-4194-4D4D-9B5C-1D8EBF92F7DA}.Release|Any CPU.Build.0 = Release|Any CPU
		{B52358A3-B926-4961-AB7E-5239B0960FF6}.Debug|Any CPU.ActiveCfg = Debug|Any CPU
		{B52358A3-B926-4961-AB7E-5239B0960FF6}.Debug|Any CPU.Build.0 = Debug|Any CPU
		{B52358A3-B926-4961-AB7E-5239B0960FF6}.Release|Any CPU.ActiveCfg = Release|Any CPU
		{B52358A3-B926-4961-AB7E-5239B0960FF6}.Release|Any CPU.Build.0 = Release|Any CPU
		{7BA6AD0C-594B-4F13-A7F5-1E90F506C802}.Debug|Any CPU.ActiveCfg = Debug|Any CPU
		{7BA6AD0C-594B-4F13-A7F5-1E90F506C802}.Debug|Any CPU.Build.0 = Debug|Any CPU
		{7BA6AD0C-594B-4F13-A7F5-1E90F506C802}.Release|Any CPU.ActiveCfg = Release|Any CPU
		{7BA6AD0C-594B-4F13-A7F5-1E90F506C802}.Release|Any CPU.Build.0 = Release|Any CPU
		{BF718E89-E15E-42DF-865B-3B03FCC769ED}.Debug|Any CPU.ActiveCfg = Debug|Any CPU
		{BF718E89-E15E-42DF-865B-3B03FCC769ED}.Debug|Any CPU.Build.0 = Debug|Any CPU
		{BF718E89-E15E-42DF-865B-3B03FCC769ED}.Release|Any CPU.ActiveCfg = Release|Any CPU
		{BF718E89-E15E-42DF-865B-3B03FCC769ED}.Release|Any CPU.Build.0 = Release|Any CPU
	EndGlobalSection
	GlobalSection(SolutionProperties) = preSolution
		HideSolutionNode = FALSE
	EndGlobalSection
	GlobalSection(NestedProjects) = preSolution
		{A007A2F8-95BC-4993-88D1-93C81412F702} = {AA8B7C4D-E5BF-4BE8-923B-DE50E14387B4}
		{2864381E-B110-4F3D-9B23-C47100DD41E5} = {B6F3AF2F-2D4C-496C-ABB3-17BA6B62F822}
		{329A2785-7B1E-40FC-A5A8-0E2A62F68B51} = {AA8B7C4D-E5BF-4BE8-923B-DE50E14387B4}
		{54A5186C-FFA6-4DD2-9ED1-98A1A20E1C46} = {AA8B7C4D-E5BF-4BE8-923B-DE50E14387B4}
		{407EB7BA-9398-4627-9A25-6F7FC3207422} = {B6F3AF2F-2D4C-496C-ABB3-17BA6B62F822}
		{17BA3A7A-3FB7-41B5-9981-41E25D2D47F1} = {B6F3AF2F-2D4C-496C-ABB3-17BA6B62F822}
		{9596B80E-51C0-4F64-AA92-D0E70E7F1348} = {AA8B7C4D-E5BF-4BE8-923B-DE50E14387B4}
		{0D02C857-21E9-4897-9B38-7923498356EA} = {B6F3AF2F-2D4C-496C-ABB3-17BA6B62F822}
		{3813973E-B369-4354-A212-4EDAABBCBBA6} = {AA8B7C4D-E5BF-4BE8-923B-DE50E14387B4}
		{12211B49-FABD-4AFE-8EE7-38251D283AC4} = {AA8B7C4D-E5BF-4BE8-923B-DE50E14387B4}
		{4C326E80-3F03-4B6C-94C5-3D4A68C25B2A} = {AA8B7C4D-E5BF-4BE8-923B-DE50E14387B4}
		{4C88DCC7-016A-4655-9736-61EFA8BC493C} = {AA8B7C4D-E5BF-4BE8-923B-DE50E14387B4}
		{FC58F55E-A329-40B8-B56A-7086BE125F32} = {AA8B7C4D-E5BF-4BE8-923B-DE50E14387B4}
		{DD44FC5E-457C-4883-8197-CE733A0A2ACE} = {B6F3AF2F-2D4C-496C-ABB3-17BA6B62F822}
		{9F64F070-5268-4138-9D03-8BB102F09180} = {B6F3AF2F-2D4C-496C-ABB3-17BA6B62F822}
		{B8AED95A-4194-4D4D-9B5C-1D8EBF92F7DA} = {B6F3AF2F-2D4C-496C-ABB3-17BA6B62F822}
		{B52358A3-B926-4961-AB7E-5239B0960FF6} = {B6F3AF2F-2D4C-496C-ABB3-17BA6B62F822}
		{7BA6AD0C-594B-4F13-A7F5-1E90F506C802} = {B6F3AF2F-2D4C-496C-ABB3-17BA6B62F822}
		{BF718E89-E15E-42DF-865B-3B03FCC769ED} = {AA8B7C4D-E5BF-4BE8-923B-DE50E14387B4}
	EndGlobalSection
	GlobalSection(ExtensibilityGlobals) = postSolution
		SolutionGuid = {9864937B-1261-419E-9C85-10E9D99197D1}
	EndGlobalSection
EndGlobal
